{
  "object": {
    "pins": [
      {
        "package": "AnyCodable",
        "repositoryURL": "https://github.com/Flight-School/AnyCodable",
        "state": {
          "branch": null,
          "revision": "862808b2070cd908cb04f9aafe7de83d35f81b05",
          "version": "0.6.7"
        }
      },
      {
        "package": "Get",
        "repositoryURL": "https://github.com/kean/Get",
        "state": {
          "branch": null,
          "revision": "7209fdb015686fd90918b2037cb2039206405bd3",
          "version": "2.1.5"
        }
      },
      {
        "package": "GoTrue",
        "repositoryURL": "https://github.com/supabase-community/gotrue-swift",
        "state": {
          "branch": null,
          "revision": "32719c3487d144a0fd76b9cd7bc5606c1fc720b7",
          "version": null
        }
      },
      {
        "package": "KeychainAccess",
        "repositoryURL": "https://github.com/kishikawakatsumi/KeychainAccess",
        "state": {
          "branch": null,
          "revision": "84e546727d66f1adc5439debad16270d0fdd04e7",
          "version": "4.2.2"
        }
      },
      {
        "package": "PostgREST",
        "repositoryURL": "https://github.com/supabase-community/postgrest-swift",
        "state": {
          "branch": null,
          "revision": "e949f57873118a44f301e4e6fee739ea589f6e7f",
          "version": "0.0.6"
        }
      },
      {
        "package": "Realtime",
        "repositoryURL": "https://github.com/supabase-community/realtime-swift.git",
        "state": {
          "branch": null,
          "revision": "0b985c687fe963f6bd818ff77a35c27247b98bb4",
          "version": "0.0.2"
        }
      },
      {
        "package": "SupabaseStorage",
        "repositoryURL": "https://github.com/supabase-community/storage-swift.git",
        "state": {
          "branch": null,
          "revision": "04703e499ca258899d7ad45717efe75b8ddc09ab",
          "version": "0.1.0"
        }
      },
      {
        "package": "ComposableKeychain",
        "repositoryURL": "https://github.com/binaryscraping/swift-composable-keychain",
        "state": {
          "branch": null,
          "revision": "3ebddfe9e9232218bada99ab6d6b3ca1fd94f112",
          "version": "0.0.2"
        }
      },
      {
        "package": "URLQueryEncoder",
        "repositoryURL": "https://github.com/kean/URLQueryEncoder",
        "state": {
          "branch": null,
          "revision": "4cc975d4d075d0e62699a796a08284e217d4ee93",
          "version": "0.2.0"
        }
      },
      {
        "package": "xctest-dynamic-overlay",
        "repositoryURL": "https://github.com/pointfreeco/xctest-dynamic-overlay",
        "state": {
          "branch": null,
          "revision": "5a5457a744239896e9b0b03a8e1a5069c3e7b91f",
          "version": "0.6.0"
        }
      }
    ]
  },
  "version": 1
}
